lockfileVersion: "9.0"

settings:
  autoInstallPeers: true
  excludeLinksFromLockfile: false

importers:
  .:
    devDependencies:
      acorn:
        specifier: ^8.17.0
        version: 8.17.0
      acorn-walk:
        specifier: ^8.3.5
        version: 8.3.5
      prettier:
        specifier: ^3.9.6
        version: 3.9.6

packages:
  acorn-walk@8.3.5:
    resolution:
      {
        integrity: sha512-HEHNfbars9v4pgpW6SO1KSPkfoS0xVOM/9UzkJltjlsHZmJasxg8aXkuZa7SMf8vKGIBhpUsPluQSqhJFCqebw==,
      }
    engines: { node: ">=0.4.0" }

  acorn@8.17.0:
    resolution:
      {
        integrity: sha512-xRQbDb9BnwDafYNn6Vwl839DYVjqXYb1XVGtWAZ1kcDc6iwAL4hg3B1dZlRiuENFeO2H53gFG3in621AdERVAg==,
      }
    engines: { node: ">=0.4.0" }
    hasBin: true

  prettier@3.9.6:
    resolution:
      {
        integrity: sha512-OpN0zzVdiaiAhxpuuj5efpIS4sY9j7bY6uR5mnj5yPzGkdkjNKSJeUThPb60Jw29QuAZgA4o+/iB49kFiaBX6g==,
      }
    engines: { node: ">=14" }
    hasBin: true

snapshots:
  acorn-walk@8.3.5:
    dependencies:
      acorn: 8.17.0

  acorn@8.17.0: {}

  prettier@3.9.6: {}
